
Microsoft Visual Studio Solution File, Format Version 12.00
# Visual Studio Version 16
VisualStudioVersion = 16.0.35826.135
MinimumVisualStudioVersion = 10.0.40219.1
Project("{FAE04EC0-301F-11D3-BF4B-00C04F79EFBC}") = "CorotlfocsLibrary", "CorotlfocsLibrary\CorotlfocsLibrary.csproj", "{C1FDC874-BB3B-40EC-A831-3DE0209F59A5}"
EndProject
Project("{FAE04EC0-301F-11D3-BF4B-00C04F79EFBC}") = "consleusp", "consleusp\consleusp.csproj", "{10E52A83-F0E5-4A09-8D4B-DF3FF1E93F45}"
EndProject
Project("{FAE04EC0-301F-11D3-BF4B-00C04F79EFBC}") = "testapp", "testapp\testapp.csproj", "{DFA9D4B2-BFFB-45E0-952C-639117473971}"
EndProject
Project("{FAE04EC0-301F-11D3-BF4B-00C04F79EFBC}") = "newapp", "newapp\newapp.csproj", "{045C2A0A-C0EF-4B5D-A880-0A8591CAFF49}"
EndProject
Global
	GlobalSection(SolutionConfigurationPlatforms) = preSolution
		Debug|Any CPU = Debug|Any CPU
		Release|Any CPU = Release|Any CPU
	EndGlobalSection
	GlobalSection(ProjectConfigurationPlatforms) = postSolution
		{C1FDC874-BB3B-40EC-A831-3DE0209F59A5}.Debug|Any CPU.ActiveCfg = Debug|Any CPU
		{C1FDC874-BB3B-40EC-A831-3DE0209F59A5}.Debug|Any CPU.Build.0 = Debug|Any CPU
		{C1FDC874-BB3B-40EC-A831-3DE0209F59A5}.Release|Any CPU.ActiveCfg = Release|Any CPU
		{C1FDC874-BB3B-40EC-A831-3DE0209F59A5}.Release|Any CPU.Build.0 = Release|Any CPU
		{10E52A83-F0E5-4A09-8D4B-DF3FF1E93F45}.Debug|Any CPU.ActiveCfg = Debug|Any CPU
		{10E52A83-F0E5-4A09-8D4B-DF3FF1E93F45}.Debug|Any CPU.Build.0 = Debug|Any CPU
		{10E52A83-F0E5-4A09-8D4B-DF3FF1E93F45}.Release|Any CPU.ActiveCfg = Release|Any CPU
		{10E52A83-F0E5-4A09-8D4B-DF3FF1E93F45}.Release|Any CPU.Build.0 = Release|Any CPU
		{DFA9D4B2-BFFB-45E0-952C-639117473971}.Debug|Any CPU.ActiveCfg = Debug|Any CPU
		{DFA9D4B2-BFFB-45E0-952C-639117473971}.Debug|Any CPU.Build.0 = Debug|Any CPU
		{DFA9D4B2-BFFB-45E0-952C-639117473971}.Release|Any CPU.ActiveCfg = Release|Any CPU
		{DFA9D4B2-BFFB-45E0-952C-639117473971}.Release|Any CPU.Build.0 = Release|Any CPU
		{045C2A0A-C0EF-4B5D-A880-0A8591CAFF49}.Debug|Any CPU.ActiveCfg = Debug|Any CPU
		{045C2A0A-C0EF-4B5D-A880-0A8591CAFF49}.Debug|Any CPU.Build.0 = Debug|Any CPU
		{045C2A0A-C0EF-4B5D-A880-0A8591CAFF49}.Release|Any CPU.ActiveCfg = Release|Any CPU
		{045C2A0A-C0EF-4B5D-A880-0A8591CAFF49}.Release|Any CPU.Build.0 = Release|Any CPU
	EndGlobalSection
	GlobalSection(SolutionProperties) = preSolution
		HideSolutionNode = FALSE
	EndGlobalSection
	GlobalSection(ExtensibilityGlobals) = postSolution
		SolutionGuid = {789754E0-14F7-4B2D-81CA-DF535F385F2C}
	EndGlobalSection
EndGlobal
